{
  "name": "leafNote",
  "lockfileVersion": 3,
  "requires": true,
  "packages": {
    "": {
      "dependencies": {
        "pnpm": "^9.15.3"
      }
    },
    "node_modules/pnpm": {
      "version": "9.15.3",
      "resolved": "https://registry.npmjs.org/pnpm/-/pnpm-9.15.3.tgz",
      "integrity": "sha512-H3m8JFpm6wsHxdTYMTEkB3RkLKqobvfQQ0q0fA0W9msE4h4MCG62HmLHfvxNf37Aca+tN5avZIkvrmZQkXOJOg==",
      "license": "MIT",
      "bin": {
        "pnpm": "bin/pnpm.cjs",
        "pnpx": "bin/pnpx.cjs"
      },
      "engines": {
        "node": ">=18.12"
      },
      "funding": {
        "url": "https://opencollective.com/pnpm"
      }
    }
  }
}
